// !$*UTF8*$!
{
	archiveVersion = 1;
	classes = {
	};
	objectVersion = 46;
	objects = {

/* Begin PBXBuildFile section */
		91C944041B4ECC9F00FD46A9 /* AppDelegate.swift in Sources */ = {isa = PBXBuildFile; fileRef = 91C944031B4ECC9F00FD46A9 /* AppDelegate.swift */; };
		91C944061B4ECC9F00FD46A9 /* ViewController.swift in Sources */ = {isa = PBXBuildFile; fileRef = 91C944051B4ECC9F00FD46A9 /* ViewController.swift */; };
		91C944091B4ECC9F00FD46A9 /* Main.storyboard in Resources */ = {isa = PBXBuildFile; fileRef = 91C944071B4ECC9F00FD46A9 /* Main.storyboard */; };
		91C9440B1B4ECC9F00FD46A9 /* Assets.xcassets in Resources */ = {isa = PBXBuildFile; fileRef = 91C9440A1B4ECC9F00FD46A9 /* Assets.xcassets */; };
		91C9440E1B4ECC9F00FD46A9 /* LaunchScreen.storyboard in Resources */ = {isa = PBXBuildFile; fileRef = 91C9440C1B4ECC9F00FD46A9 /* LaunchScreen.storyboard */; };
		91C944191B4ECC9F00FD46A9 /* NoMoreContentTests.swift in Sources */ = {isa = PBXBuildFile; fileRef = 91C944181B4ECC9F00FD46A9 /* NoMoreContentTests.swift */; };
		91C944241B4ECC9F00FD46A9 /* NoMoreContentUITests.swift in Sources */ = {isa = PBXBuildFile; fileRef = 91C944231B4ECC9F00FD46A9 /* NoMoreContentUITests.swift */; };
		91C944381B4ECCDB00FD46A9 /* blockerList.json in Resources */ = {isa = PBXBuildFile; fileRef = 91C944371B4ECCDB00FD46A9 /* blockerList.json */; };
		91C9443A1B4ECCDB00FD46A9 /* ActionRequestHandler.swift in Sources */ = {isa = PBXBuildFile; fileRef = 91C944391B4ECCDB00FD46A9 /* ActionRequestHandler.swift */; };
		91C9443E1B4ECCDB00FD46A9 /* ContentBlocker.appex in Embed App Extensions */ = {isa = PBXBuildFile; fileRef = 91C944351B4ECCDB00FD46A9 /* ContentBlocker.appex */; settings = {ATTRIBUTES = (RemoveHeadersOnCopy, ); }; };
/* End PBXBuildFile section */

/* Begin PBXContainerItemProxy section */
		91C944151B4ECC9F00FD46A9 /* PBXContainerItemProxy */ = {
			isa = PBXContainerItemProxy;
			containerPortal = 91C943F81B4ECC9F00FD46A9 /* Project object */;
			proxyType = 1;
			remoteGlobalIDString = 91C943FF1B4ECC9F00FD46A9;
			remoteInfo = NoMoreContent;
		};
		91C944201B4ECC9F00FD46A9 /* PBXContainerItemProxy */ = {
			isa = PBXContainerItemProxy;
			containerPortal = 91C943F81B4ECC9F00FD46A9 /* Project object */;
			proxyType = 1;
			remoteGlobalIDString = 91C943FF1B4ECC9F00FD46A9;
			remoteInfo = NoMoreContent;
		};
		91C9443C1B4ECCDB00FD46A9 /* PBXContainerItemProxy */ = {
			isa = PBXContainerItemProxy;
			containerPortal = 91C943F81B4ECC9F00FD46A9 /* Project object */;
			proxyType = 1;
			remoteGlobalIDString = 91C944341B4ECCDB00FD46A9;
			remoteInfo = ContentBlocker;
		};
/* End PBXContainerItemProxy section */

/* Begin PBXCopyFilesBuildPhase section */
		91C944421B4ECCDB00FD46A9 /* Embed App Extensions */ = {
			isa = PBXCopyFilesBuildPhase;
			buildActionMask = 2147483647;
			dstPath = "";
			dstSubfolderSpec = 13;
			files = (
				91C9443E1B4ECCDB00FD46A9 /* ContentBlocker.appex in Embed App Extensions */,
			);
			name = "Embed App Extensions";
			runOnlyForDeploymentPostprocessing = 0;
		};
/* End PBXCopyFilesBuildPhase section */

/* Begin PBXFileReference section */
		91C944001B4ECC9F00FD46A9 /* NoMoreContent.app */ = {isa = PBXFileReference; explicitFileType = wrapper.application; includeInIndex = 0; path = NoMoreContent.app; sourceTree = BUILT_PRODUCTS_DIR; };
		91C944031B4ECC9F00FD46A9 /* AppDelegate.swift */ = {isa = PBXFileReference; lastKnownFileType = sourcecode.swift; path = AppDelegate.swift; sourceTree = "<group>"; };
		91C944051B4ECC9F00FD46A9 /* ViewController.swift */ = {isa = PBXFileReference; lastKnownFileType = sourcecode.swift; path = ViewController.swift; sourceTree = "<group>"; };
		91C944081B4ECC9F00FD46A9 /* Base */ = {isa = PBXFileReference; lastKnownFileType = file.storyboard; name = Base; path = Base.lproj/Main.storyboard; sourceTree = "<group>"; };
		91C9440A1B4ECC9F00FD46A9 /* Assets.xcassets */ = {isa = PBXFileReference; lastKnownFileType = folder.assetcatalog; path = Assets.xcassets; sourceTree = "<group>"; };
		91C9440D1B4ECC9F00FD46A9 /* Base */ = {isa = PBXFileReference; lastKnownFileType = file.storyboard; name = Base; path = Base.lproj/LaunchScreen.storyboard; sourceTree = "<group>"; };
		91C9440F1B4ECC9F00FD46A9 /* Info.plist */ = {isa = PBXFileReference; lastKnownFileType = text.plist.xml; path = Info.plist; sourceTree = "<group>"; };
		91C944141B4ECC9F00FD46A9 /* NoMoreContentTests.xctest */ = {isa = PBXFileReference; explicitFileType = wrapper.cfbundle; includeInIndex = 0; path = NoMoreContentTests.xctest; sourceTree = BUILT_PRODUCTS_DIR; };
		91C944181B4ECC9F00FD46A9 /* NoMoreContentTests.swift */ = {isa = PBXFileReference; lastKnownFileType = sourcecode.swift; path = NoMoreContentTests.swift; sourceTree = "<group>"; };
		91C9441A1B4ECC9F00FD46A9 /* Info.plist */ = {isa = PBXFileReference; lastKnownFileType = text.plist.xml; path = Info.plist; sourceTree = "<group>"; };
		91C9441F1B4ECC9F00FD46A9 /* NoMoreContentUITests.xctest */ = {isa = PBXFileReference; explicitFileType = wrapper.cfbundle; includeInIndex = 0; path = NoMoreContentUITests.xctest; sourceTree = BUILT_PRODUCTS_DIR; };
		91C944231B4ECC9F00FD46A9 /* NoMoreContentUITests.swift */ = {isa = PBXFileReference; lastKnownFileType = sourcecode.swift; path = NoMoreContentUITests.swift; sourceTree = "<group>"; };
		91C944251B4ECC9F00FD46A9 /* Info.plist */ = {isa = PBXFileReference; lastKnownFileType = text.plist.xml; path = Info.plist; sourceTree = "<group>"; };
		91C944351B4ECCDB00FD46A9 /* ContentBlocker.appex */ = {isa = PBXFileReference; explicitFileType = "wrapper.app-extension"; includeInIndex = 0; path = ContentBlocker.appex; sourceTree = BUILT_PRODUCTS_DIR; };
		91C944371B4ECCDB00FD46A9 /* blockerList.json */ = {isa = PBXFileReference; lastKnownFileType = text.json; path = blockerList.json; sourceTree = "<group>"; };
		91C944391B4ECCDB00FD46A9 /* ActionRequestHandler.swift */ = {isa = PBXFileReference; lastKnownFileType = sourcecode.swift; path = ActionRequestHandler.swift; sourceTree = "<group>"; };
		91C9443B1B4ECCDB00FD46A9 /* Info.plist */ = {isa = PBXFileReference; lastKnownFileType = text.plist.xml; path = Info.plist; sourceTree = "<group>"; };
/* End PBXFileReference section */

/* Begin PBXFrameworksBuildPhase section */
		91C943FD1B4ECC9F00FD46A9 /* Frameworks */ = {
			isa = PBXFrameworksBuildPhase;
			buildActionMask = 2147483647;
			files = (
			);
			runOnlyForDeploymentPostprocessing = 0;
		};
		91C944111B4ECC9F00FD46A9 /* Frameworks */ = {
			isa = PBXFrameworksBuildPhase;
			buildActionMask = 2147483647;
			files = (
			);
			runOnlyForDeploymentPostprocessing = 0;
		};
		91C9441C1B4ECC9F00FD46A9 /* Frameworks */ = {
			isa = PBXFrameworksBuildPhase;
			buildActionMask = 2147483647;
			files = (
			);
			runOnlyForDeploymentPostprocessing = 0;
		};
		91C944321B4ECCDB00FD46A9 /* Frameworks */ = {
			isa = PBXFrameworksBuildPhase;
			buildActionMask = 2147483647;
			files = (
			);
			runOnlyForDeploymentPostprocessing = 0;
		};
/* End PBXFrameworksBuildPhase section */

/* Begin PBXGroup section */
		91C943F71B4ECC9F00FD46A9 = {
			isa = PBXGroup;
			children = (
				91C944021B4ECC9F00FD46A9 /* NoMoreContent */,
				91C944171B4ECC9F00FD46A9 /* NoMoreContentTests */,
				91C944221B4ECC9F00FD46A9 /* NoMoreContentUITests */,
				91C944361B4ECCDB00FD46A9 /* ContentBlocker */,
				91C944011B4ECC9F00FD46A9 /* Products */,
			);
			sourceTree = "<group>";
		};
		91C944011B4ECC9F00FD46A9 /* Products */ = {
			isa = PBXGroup;
			children = (
				91C944001B4ECC9F00FD46A9 /* NoMoreContent.app */,
				91C944141B4ECC9F00FD46A9 /* NoMoreContentTests.xctest */,
				91C9441F1B4ECC9F00FD46A9 /* NoMoreContentUITests.xctest */,
				91C944351B4ECCDB00FD46A9 /* ContentBlocker.appex */,
			);
			name = Products;
			sourceTree = "<group>";
		};
		91C944021B4ECC9F00FD46A9 /* NoMoreContent */ = {
			isa = PBXGroup;
			children = (
				91C944031B4ECC9F00FD46A9 /* AppDelegate.swift */,
				91C944051B4ECC9F00FD46A9 /* ViewController.swift */,
				91C944071B4ECC9F00FD46A9 /* Main.storyboard */,
				91C9440A1B4ECC9F00FD46A9 /* Assets.xcassets */,
				91C9440C1B4ECC9F00FD46A9 /* LaunchScreen.storyboard */,
				91C9440F1B4ECC9F00FD46A9 /* Info.plist */,
			);
			path = NoMoreContent;
			sourceTree = "<group>";
		};
		91C944171B4ECC9F00FD46A9 /* NoMoreContentTests */ = {
			isa = PBXGroup;
			children = (
				91C944181B4ECC9F00FD46A9 /* NoMoreContentTests.swift */,
				91C9441A1B4ECC9F00FD46A9 /* Info.plist */,
			);
			path = NoMoreContentTests;
			sourceTree = "<group>";
		};
		91C944221B4ECC9F00FD46A9 /* NoMoreContentUITests */ = {
			isa = PBXGroup;
			children = (
				91C944231B4ECC9F00FD46A9 /* NoMoreContentUITests.swift */,
				91C944251B4ECC9F00FD46A9 /* Info.plist */,
			);
			path = NoMoreContentUITests;
			sourceTree = "<group>";
		};
		91C944361B4ECCDB00FD46A9 /* ContentBlocker */ = {
			isa = PBXGroup;
			children = (
				91C944371B4ECCDB00FD46A9 /* blockerList.json */,
				91C944391B4ECCDB00FD46A9 /* ActionRequestHandler.swift */,
				91C9443B1B4ECCDB00FD46A9 /* Info.plist */,
			);
			path = ContentBlocker;
			sourceTree = "<group>";
		};
/* End PBXGroup section */

/* Begin PBXNativeTarget section */
		91C943FF1B4ECC9F00FD46A9 /* NoMoreContent */ = {
			isa = PBXNativeTarget;
			buildConfigurationList = 91C944281B4ECC9F00FD46A9 /* Build configuration list for PBXNativeTarget "NoMoreContent" */;
			buildPhases = (
				91C943FC1B4ECC9F00FD46A9 /* Sources */,
				91C943FD1B4ECC9F00FD46A9 /* Frameworks */,
				91C943FE1B4ECC9F00FD46A9 /* Resources */,
				91C944421B4ECCDB00FD46A9 /* Embed App Extensions */,
			);
			buildRules = (
			);
			dependencies = (
				91C9443D1B4ECCDB00FD46A9 /* PBXTargetDependency */,
			);
			name = NoMoreContent;
			productName = NoMoreContent;
			productReference = 91C944001B4ECC9F00FD46A9 /* NoMoreContent.app */;
			productType = "com.apple.product-type.application";
		};
		91C944131B4ECC9F00FD46A9 /* NoMoreContentTests */ = {
			isa = PBXNativeTarget;
			buildConfigurationList = 91C9442B1B4ECC9F00FD46A9 /* Build configuration list for PBXNativeTarget "NoMoreContentTests" */;
			buildPhases = (
				91C944101B4ECC9F00FD46A9 /* Sources */,
				91C944111B4ECC9F00FD46A9 /* Frameworks */,
				91C944121B4ECC9F00FD46A9 /* Resources */,
			);
			buildRules = (
			);
			dependencies = (
				91C944161B4ECC9F00FD46A9 /* PBXTargetDependency */,
			);
			name = NoMoreContentTests;
			productName = NoMoreContentTests;
			productReference = 91C944141B4ECC9F00FD46A9 /* NoMoreContentTests.xctest */;
			productType = "com.apple.product-type.bundle.unit-test";
		};
		91C9441E1B4ECC9F00FD46A9 /* NoMoreContentUITests */ = {
			isa = PBXNativeTarget;
			buildConfigurationList = 91C9442E1B4ECC9F00FD46A9 /* Build configuration list for PBXNativeTarget "NoMoreContentUITests" */;
			buildPhases = (
				91C9441B1B4ECC9F00FD46A9 /* Sources */,
				91C9441C1B4ECC9F00FD46A9 /* Frameworks */,
				91C9441D1B4ECC9F00FD46A9 /* Resources */,
			);
			buildRules = (
			);
			dependencies = (
				91C944211B4ECC9F00FD46A9 /* PBXTargetDependency */,
			);
			name = NoMoreContentUITests;
			productName = NoMoreContentUITests;
			productReference = 91C9441F1B4ECC9F00FD46A9 /* NoMoreContentUITests.xctest */;
			productType = "com.apple.product-type.bundle.ui-testing";
		};
		91C944341B4ECCDB00FD46A9 /* ContentBlocker */ = {
			isa = PBXNativeTarget;
			buildConfigurationList = 91C9443F1B4ECCDB00FD46A9 /* Build configuration list for PBXNativeTarget "ContentBlocker" */;
			buildPhases = (
				91C944311B4ECCDB00FD46A9 /* Sources */,
				91C944321B4ECCDB00FD46A9 /* Frameworks */,
				91C944331B4ECCDB00FD46A9 /* Resources */,
			);
			buildRules = (
			);
			dependencies = (
			);
			name = ContentBlocker;
			productName = ContentBlocker;
			productReference = 91C944351B4ECCDB00FD46A9 /* ContentBlocker.appex */;
			productType = "com.apple.product-type.app-extension";
		};
/* End PBXNativeTarget section */

/* Begin PBXProject section */
		91C943F81B4ECC9F00FD46A9 /* Project object */ = {
			isa = PBXProject;
			attributes = {
				KnownAssetTags = (
					New,
				);
				LastUpgradeCheck = 0700;
				ORGANIZATIONNAME = "IconoclastLabs LLC";
				TargetAttributes = {
					91C943FF1B4ECC9F00FD46A9 = {
						CreatedOnToolsVersion = 7.0;
					};
					91C944131B4ECC9F00FD46A9 = {
						CreatedOnToolsVersion = 7.0;
						TestTargetID = 91C943FF1B4ECC9F00FD46A9;
					};
					91C9441E1B4ECC9F00FD46A9 = {
						CreatedOnToolsVersion = 7.0;
						TestTargetID = 91C943FF1B4ECC9F00FD46A9;
					};
					91C944341B4ECCDB00FD46A9 = {
						CreatedOnToolsVersion = 7.0;
						DevelopmentTeam = C22M9ZSTAT;
					};
				};
			};
			buildConfigurationList = 91C943FB1B4ECC9F00FD46A9 /* Build configuration list for PBXProject "NoMoreContent" */;
			compatibilityVersion = "Xcode 3.2";
			developmentRegion = English;
			hasScannedForEncodings = 0;
			knownRegions = (
				en,
				Base,
			);
			mainGroup = 91C943F71B4ECC9F00FD46A9;
			productRefGroup = 91C944011B4ECC9F00FD46A9 /* Products */;
			projectDirPath = "";
			projectRoot = "";
			targets = (
				91C943FF1B4ECC9F00FD46A9 /* NoMoreContent */,
				91C944131B4ECC9F00FD46A9 /* NoMoreContentTests */,
				91C9441E1B4ECC9F00FD46A9 /* NoMoreContentUITests */,
				91C944341B4ECCDB00FD46A9 /* ContentBlocker */,
			);
		};
/* End PBXProject section */

/* Begin PBXResourcesBuildPhase section */
		91C943FE1B4ECC9F00FD46A9 /* Resources */ = {
			isa = PBXResourcesBuildPhase;
			buildActionMask = 2147483647;
			files = (
				91C9440E1B4ECC9F00FD46A9 /* LaunchScreen.storyboard in Resources */,
				91C9440B1B4ECC9F00FD46A9 /* Assets.xcassets in Resources */,
				91C944091B4ECC9F00FD46A9 /* Main.storyboard in Resources */,
			);
			runOnlyForDeploymentPostprocessing = 0;
		};
		91C944121B4ECC9F00FD46A9 /* Resources */ = {
			isa = PBXResourcesBuildPhase;
			buildActionMask = 2147483647;
			files = (
			);
			runOnlyForDeploymentPostprocessing = 0;
		};
		91C9441D1B4ECC9F00FD46A9 /* Resources */ = {
			isa = PBXResourcesBuildPhase;
			buildActionMask = 2147483647;
			files = (
			);
			runOnlyForDeploymentPostprocessing = 0;
		};
		91C944331B4ECCDB00FD46A9 /* Resources */ = {
			isa = PBXResourcesBuildPhase;
			buildActionMask = 2147483647;
			files = (
				91C944381B4ECCDB00FD46A9 /* blockerList.json in Resources */,
			);
			runOnlyForDeploymentPostprocessing = 0;
		};
/* End PBXResourcesBuildPhase section */

/* Begin PBXSourcesBuildPhase section */
		91C943FC1B4ECC9F00FD46A9 /* Sources */ = {
			isa = PBXSourcesBuildPhase;
			buildActionMask = 2147483647;
			files = (
				91C944061B4ECC9F00FD46A9 /* ViewController.swift in Sources */,
				91C944041B4ECC9F00FD46A9 /* AppDelegate.swift in Sources */,
			);
			runOnlyForDeploymentPostprocessing = 0;
		};
		91C944101B4ECC9F00FD46A9 /* Sources */ = {
			isa = PBXSourcesBuildPhase;
			buildActionMask = 2147483647;
			files = (
				91C944191B4ECC9F00FD46A9 /* NoMoreContentTests.swift in Sources */,
			);
			runOnlyForDeploymentPostprocessing = 0;
		};
		91C9441B1B4ECC9F00FD46A9 /* Sources */ = {
			isa = PBXSourcesBuildPhase;
			buildActionMask = 2147483647;
			files = (
				91C944241B4ECC9F00FD46A9 /* NoMoreContentUITests.swift in Sources */,
			);
			runOnlyForDeploymentPostprocessing = 0;
		};
		91C944311B4ECCDB00FD46A9 /* Sources */ = {
			isa = PBXSourcesBuildPhase;
			buildActionMask = 2147483647;
			files = (
				91C9443A1B4ECCDB00FD46A9 /* ActionRequestHandler.swift in Sources */,
			);
			runOnlyForDeploymentPostprocessing = 0;
		};
/* End PBXSourcesBuildPhase section */

/* Begin PBXTargetDependency section */
		91C944161B4ECC9F00FD46A9 /* PBXTargetDependency */ = {
			isa = PBXTargetDependency;
			target = 91C943FF1B4ECC9F00FD46A9 /* NoMoreContent */;
			targetProxy = 91C944151B4ECC9F00FD46A9 /* PBXContainerItemProxy */;
		};
		91C944211B4ECC9F00FD46A9 /* PBXTargetDependency */ = {
			isa = PBXTargetDependency;
			target = 91C943FF1B4ECC9F00FD46A9 /* NoMoreContent */;
			targetProxy = 91C944201B4ECC9F00FD46A9 /* PBXContainerItemProxy */;
		};
		91C9443D1B4ECCDB00FD46A9 /* PBXTargetDependency */ = {
			isa = PBXTargetDependency;
			target = 91C944341B4ECCDB00FD46A9 /* ContentBlocker */;
			targetProxy = 91C9443C1B4ECCDB00FD46A9 /* PBXContainerItemProxy */;
		};
/* End PBXTargetDependency section */

/* Begin PBXVariantGroup section */
		91C944071B4ECC9F00FD46A9 /* Main.storyboard */ = {
			isa = PBXVariantGroup;
			children = (
				91C944081B4ECC9F00FD46A9 /* Base */,
			);
			name = Main.storyboard;
			sourceTree = "<group>";
		};
		91C9440C1B4ECC9F00FD46A9 /* LaunchScreen.storyboard */ = {
			isa = PBXVariantGroup;
			children = (
				91C9440D1B4ECC9F00FD46A9 /* Base */,
			);
			name = LaunchScreen.storyboard;
			sourceTree = "<group>";
		};
/* End PBXVariantGroup section */

/* Begin XCBuildConfiguration section */
		91C944261B4ECC9F00FD46A9 /* Debug */ = {
			isa = XCBuildConfiguration;
			buildSettings = {
				ALWAYS_SEARCH_USER_PATHS = NO;
				CLANG_CXX_LANGUAGE_STANDARD = "gnu++0x";
				CLANG_CXX_LIBRARY = "libc++";
				CLANG_ENABLE_MODULES = YES;
				CLANG_ENABLE_OBJC_ARC = YES;
				CLANG_WARN_BOOL_CONVERSION = YES;
				CLANG_WARN_CONSTANT_CONVERSION = YES;
				CLANG_WARN_DIRECT_OBJC_ISA_USAGE = YES_ERROR;
				CLANG_WARN_EMPTY_BODY = YES;
				CLANG_WARN_ENUM_CONVERSION = YES;
				CLANG_WARN_INT_CONVERSION = YES;
				CLANG_WARN_OBJC_ROOT_CLASS = YES_ERROR;
				CLANG_WARN_UNREACHABLE_CODE = YES;
				CLANG_WARN__DUPLICATE_METHOD_MATCH = YES;
				"CODE_SIGN_IDENTITY[sdk=iphoneos*]" = "iPhone Developer";
				COPY_PHASE_STRIP = NO;
				DEBUG_INFORMATION_FORMAT = dwarf;
				ENABLE_STRICT_OBJC_MSGSEND = YES;
				ENABLE_TESTABILITY = YES;
				GCC_C_LANGUAGE_STANDARD = gnu99;
				GCC_DYNAMIC_NO_PIC = NO;
				GCC_NO_COMMON_BLOCKS = YES;
				GCC_OPTIMIZATION_LEVEL = 0;
				GCC_PREPROCESSOR_DEFINITIONS = (
					"DEBUG=1",
					"$(inherited)",
				);
				GCC_WARN_64_TO_32_BIT_CONVERSION = YES;
				GCC_WARN_ABOUT_RETURN_TYPE = YES_ERROR;
				GCC_WARN_UNDECLARED_SELECTOR = YES;
				GCC_WARN_UNINITIALIZED_AUTOS = YES_AGGRESSIVE;
				GCC_WARN_UNUSED_FUNCTION = YES;
				GCC_WARN_UNUSED_VARIABLE = YES;
				IPHONEOS_DEPLOYMENT_TARGET = 9.0;
				MTL_ENABLE_DEBUG_INFO = YES;
				ONLY_ACTIVE_ARCH = YES;
				SDKROOT = iphoneos;
				SWIFT_OPTIMIZATION_LEVEL = "-Onone";
				TARGETED_DEVICE_FAMILY = "1,2";
			};
			name = Debug;
		};
		91C944271B4ECC9F00FD46A9 /* Release */ = {
			isa = XCBuildConfiguration;
			buildSettings = {
				ALWAYS_SEARCH_USER_PATHS = NO;
				CLANG_CXX_LANGUAGE_STANDARD = "gnu++0x";
				CLANG_CXX_LIBRARY = "libc++";
				CLANG_ENABLE_MODULES = YES;
				CLANG_ENABLE_OBJC_ARC = YES;
				CLANG_WARN_BOOL_CONVERSION = YES;
				CLANG_WARN_CONSTANT_CONVERSION = YES;
				CLANG_WARN_DIRECT_OBJC_ISA_USAGE = YES_ERROR;
				CLANG_WARN_EMPTY_BODY = YES;
				CLANG_WARN_ENUM_CONVERSION = YES;
				CLANG_WARN_INT_CONVERSION = YES;
				CLANG_WARN_OBJC_ROOT_CLASS = YES_ERROR;
				CLANG_WARN_UNREACHABLE_CODE = YES;
				CLANG_WARN__DUPLICATE_METHOD_MATCH = YES;
				"CODE_SIGN_IDENTITY[sdk=iphoneos*]" = "iPhone Developer";
				COPY_PHASE_STRIP = NO;
				DEBUG_INFORMATION_FORMAT = "dwarf-with-dsym";
				ENABLE_NS_ASSERTIONS = NO;
				ENABLE_STRICT_OBJC_MSGSEND = YES;
				GCC_C_LANGUAGE_STANDARD = gnu99;
				GCC_NO_COMMON_BLOCKS = YES;
				GCC_WARN_64_TO_32_BIT_CONVERSION = YES;
				GCC_WARN_ABOUT_RETURN_TYPE = YES_ERROR;
				GCC_WARN_UNDECLARED_SELECTOR = YES;
				GCC_WARN_UNINITIALIZED_AUTOS = YES_AGGRESSIVE;
				GCC_WARN_UNUSED_FUNCTION = YES;
				GCC_WARN_UNUSED_VARIABLE = YES;
				IPHONEOS_DEPLOYMENT_TARGET = 9.0;
				MTL_ENABLE_DEBUG_INFO = NO;
				SDKROOT = iphoneos;
				TARGETED_DEVICE_FAMILY = "1,2";
				VALIDATE_PRODUCT = YES;
			};
			name = Release;
		};
		91C944291B4ECC9F00FD46A9 /* Debug */ = {
			isa = XCBuildConfiguration;
			buildSettings = {
				ASSETCATALOG_COMPILER_APPICON_NAME = AppIcon;
				EMBEDDED_CONTENT_CONTAINS_SWIFT = YES;
				INFOPLIST_FILE = NoMoreContent/Info.plist;
				LD_RUNPATH_SEARCH_PATHS = "$(inherited) @executable_path/Frameworks";
				PRODUCT_BUNDLE_IDENTIFIER = com.iconoclastlabs.NoMoreContent;
				PRODUCT_NAME = "$(TARGET_NAME)";
			};
			name = Debug;
		};
		91C9442A1B4ECC9F00FD46A9 /* Release */ = {
			isa = XCBuildConfiguration;
			buildSettings = {
				ASSETCATALOG_COMPILER_APPICON_NAME = AppIcon;
				EMBEDDED_CONTENT_CONTAINS_SWIFT = YES;
				INFOPLIST_FILE = NoMoreContent/Info.plist;
				LD_RUNPATH_SEARCH_PATHS = "$(inherited) @executable_path/Frameworks";
				PRODUCT_BUNDLE_IDENTIFIER = com.iconoclastlabs.NoMoreContent;
				PRODUCT_NAME = "$(TARGET_NAME)";
			};
			name = Release;
		};
		91C9442C1B4ECC9F00FD46A9 /* Debug */ = {
			isa = XCBuildConfiguration;
			buildSettings = {
				BUNDLE_LOADER = "$(TEST_HOST)";
				INFOPLIST_FILE = NoMoreContentTests/Info.plist;
				LD_RUNPATH_SEARCH_PATHS = "$(inherited) @executable_path/Frameworks @loader_path/Frameworks";
				PRODUCT_BUNDLE_IDENTIFIER = com.iconoclastlabs.NoMoreContentTests;
				PRODUCT_NAME = "$(TARGET_NAME)";
				TEST_HOST = "$(BUILT_PRODUCTS_DIR)/NoMoreContent.app/NoMoreContent";
			};
			name = Debug;
		};
		91C9442D1B4ECC9F00FD46A9 /* Release */ = {
			isa = XCBuildConfiguration;
			buildSettings = {
				BUNDLE_LOADER = "$(TEST_HOST)";
				INFOPLIST_FILE = NoMoreContentTests/Info.plist;
				LD_RUNPATH_SEARCH_PATHS = "$(inherited) @executable_path/Frameworks @loader_path/Frameworks";
				PRODUCT_BUNDLE_IDENTIFIER = com.iconoclastlabs.NoMoreContentTests;
				PRODUCT_NAME = "$(TARGET_NAME)";
				TEST_HOST = "$(BUILT_PRODUCTS_DIR)/NoMoreContent.app/NoMoreContent";
			};
			name = Release;
		};
		91C9442F1B4ECC9F00FD46A9 /* Debug */ = {
			isa = XCBuildConfiguration;
			buildSettings = {
				INFOPLIST_FILE = NoMoreContentUITests/Info.plist;
				LD_RUNPATH_SEARCH_PATHS = "$(inherited) @executable_path/Frameworks @loader_path/Frameworks";
				PRODUCT_BUNDLE_IDENTIFIER = com.iconoclastlabs.NoMoreContentUITests;
				PRODUCT_NAME = "$(TARGET_NAME)";
				TEST_TARGET_NAME = NoMoreContent;
				USES_XCTRUNNER = YES;
			};
			name = Debug;
		};
		91C944301B4ECC9F00FD46A9 /* Release */ = {
			isa = XCBuildConfiguration;
			buildSettings = {
				INFOPLIST_FILE = NoMoreContentUITests/Info.plist;
				LD_RUNPATH_SEARCH_PATHS = "$(inherited) @executable_path/Frameworks @loader_path/Frameworks";
				PRODUCT_BUNDLE_IDENTIFIER = com.iconoclastlabs.NoMoreContentUITests;
				PRODUCT_NAME = "$(TARGET_NAME)";
				TEST_TARGET_NAME = NoMoreContent;
				USES_XCTRUNNER = YES;
			};
			name = Release;
		};
		91C944401B4ECCDB00FD46A9 /* Debug */ = {
			isa = XCBuildConfiguration;
			buildSettings = {
				CODE_SIGN_IDENTITY = "iPhone Developer";
				"CODE_SIGN_IDENTITY[sdk=iphoneos*]" = "iPhone Developer";
				INFOPLIST_FILE = ContentBlocker/Info.plist;
				LD_RUNPATH_SEARCH_PATHS = "$(inherited) @executable_path/Frameworks @executable_path/../../Frameworks";
				PRODUCT_BUNDLE_IDENTIFIER = com.iconoclastlabs.NoMoreContent.ContentBlocker;
				PRODUCT_NAME = "$(TARGET_NAME)";
				PROVISIONING_PROFILE = "";
				SKIP_INSTALL = YES;
			};
			name = Debug;
		};
		91C944411B4ECCDB00FD46A9 /* Release */ = {
			isa = XCBuildConfiguration;
			buildSettings = {
				CODE_SIGN_IDENTITY = "iPhone Developer";
				"CODE_SIGN_IDENTITY[sdk=iphoneos*]" = "iPhone Developer";
				INFOPLIST_FILE = ContentBlocker/Info.plist;
				LD_RUNPATH_SEARCH_PATHS = "$(inherited) @executable_path/Frameworks @executable_path/../../Frameworks";
				PRODUCT_BUNDLE_IDENTIFIER = com.iconoclastlabs.NoMoreContent.ContentBlocker;
				PRODUCT_NAME = "$(TARGET_NAME)";
				PROVISIONING_PROFILE = "";
				SKIP_INSTALL = YES;
			};
			name = Release;
		};
/* End XCBuildConfiguration section */

/* Begin XCConfigurationList section */
		91C943FB1B4ECC9F00FD46A9 /* Build configuration list for PBXProject "NoMoreContent" */ = {
			isa = XCConfigurationList;
			buildConfigurations = (
				91C944261B4ECC9F00FD46A9 /* Debug */,
				91C944271B4ECC9F00FD46A9 /* Release */,
			);
			defaultConfigurationIsVisible = 0;
			defaultConfigurationName = Release;
		};
		91C944281B4ECC9F00FD46A9 /* Build configuration list for PBXNativeTarget "NoMoreContent" */ = {
			isa = XCConfigurationList;
			buildConfigurations = (
				91C944291B4ECC9F00FD46A9 /* Debug */,
				91C9442A1B4ECC9F00FD46A9 /* Release */,
			);
			defaultConfigurationIsVisible = 0;
		};
		91C9442B1B4ECC9F00FD46A9 /* Build configuration list for PBXNativeTarget "NoMoreContentTests" */ = {
			isa = XCConfigurationList;
			buildConfigurations = (
				91C9442C1B4ECC9F00FD46A9 /* Debug */,
				91C9442D1B4ECC9F00FD46A9 /* Release */,
			);
			defaultConfigurationIsVisible = 0;
		};
		91C9442E1B4ECC9F00FD46A9 /* Build configuration list for PBXNativeTarget "NoMoreContentUITests" */ = {
			isa = XCConfigurationList;
			buildConfigurations = (
				91C9442F1B4ECC9F00FD46A9 /* Debug */,
				91C944301B4ECC9F00FD46A9 /* Release */,
			);
			defaultConfigurationIsVisible = 0;
		};
		91C9443F1B4ECCDB00FD46A9 /* Build configuration list for PBXNativeTarget "ContentBlocker" */ = {
			isa = XCConfigurationList;
			buildConfigurations = (
				91C944401B4ECCDB00FD46A9 /* Debug */,
				91C944411B4ECCDB00FD46A9 /* Release */,
			);
			defaultConfigurationIsVisible = 0;
		};
/* End XCConfigurationList section */
	};
	rootObject = 91C943F81B4ECC9F00FD46A9 /* Project object */;
}
